
Microsoft Visual Studio Solution File, Format Version 12.00
# Visual Studio Version 17
VisualStudioVersion = 17.14.36804.6
MinimumVisualStudioVersion = 10.0.40219.1
Project("{2150E333-8FDC-42A3-9474-1A3956D46DE8}") = "SAM_OpenStudio", "SAM_OpenStudio", "{4FDEDAD6-FCEC-4426-9A3B-086BF3C99CC0}"
EndProject
Project("{2150E333-8FDC-42A3-9474-1A3956D46DE8}") = "Grasshopper", "Grasshopper", "{B365D5A7-F4F1-4C45-9565-5F6CFC1134A4}"
EndProject
Project("{9A19103F-16F7-4668-BE54-9A1E7A4F7556}") = "SAM.Analytical.Grasshopper.OpenStudio", "Grasshopper\SAM.Analytical.Grasshopper.OpenStudio\SAM.Analytical.Grasshopper.OpenStudio.csproj", "{4D07E983-55BC-43EF-9B7C-BDD3132E7658}"
EndProject
Project("{9A19103F-16F7-4668-BE54-9A1E7A4F7556}") = "SAM.Core.OpenStudio", "SAM_OpenStudio\SAM.Core.OpenStudio\SAM.Core.OpenStudio.csproj", "{89AB54FD-E55C-4957-9560-47E0D0BC649C}"
EndProject
Project("{9A19103F-16F7-4668-BE54-9A1E7A4F7556}") = "SAM.Geometry.OpenStudio", "SAM_OpenStudio\SAM.Geometry.OpenStudio\SAM.Geometry.OpenStudio.csproj", "{CA21819C-6D5C-4CE8-839A-7291E878FD51}"
EndProject
Project("{9A19103F-16F7-4668-BE54-9A1E7A4F7556}") = "SAM.Analytical.OpenStudio", "SAM_OpenStudio\SAM.Analytical.OpenStudio\SAM.Analytical.OpenStudio.csproj", "{47274C36-3147-45CC-9B48-F3C3A5C33C7D}"
EndProject
Project("{FAE04EC0-301F-11D3-BF4B-00C04F79EFBC}") = "SAM.Core.Grasshopper.OpenStudio", "Grasshopper\SAM.Core.Grasshopper.OpenStudio\SAM.Core.Grasshopper.OpenStudio.csproj", "{CC834A2E-7DE2-A07E-9DE3-BC14FF5B43E8}"
EndProject
Project("{2150E333-8FDC-42A3-9474-1A3956D46DE8}") = "Solution Items", "Solution Items", "{9B6D7ADF-B29D-4AA4-A274-CFAF750DE2A2}"
	ProjectSection(SolutionItems) = preProject
		.editorconfig = .editorconfig
	EndProjectSection
EndProject
Project("{2150E333-8FDC-42A3-9474-1A3956D46DE8}") = "tests", "tests", "{0AB3BF05-4346-4AA6-1389-037BE0695223}"
EndProject
Project("{FAE04EC0-301F-11D3-BF4B-00C04F79EFBC}") = "SAM.Analytical.OpenStudio.Tests", "tests\SAM.Analytical.OpenStudio.Tests\SAM.Analytical.OpenStudio.Tests.csproj", "{45966997-BBBF-4272-B77F-86B401A1CE45}"
EndProject
Project("{2150E333-8FDC-42A3-9474-1A3956D46DE8}") = "benchmark", "benchmark", "{09EED85C-BE3C-7566-DC0E-2E8E43466740}"
EndProject
Project("{FAE04EC0-301F-11D3-BF4B-00C04F79EFBC}") = "SAM.Analytical.OpenStudio.Benchmark", "benchmark\SAM.Analytical.OpenStudio.Benchmark\SAM.Analytical.OpenStudio.Benchmark.csproj", "{E21DBAA0-8078-43F7-8A49-D9535DFD63D0}"
EndProject
Project("{FAE04EC0-301F-11D3-BF4B-00C04F79EFBC}") = "SAM.Analytical.OpenStudio.Benchmark.Tests", "benchmark\SAM.Analytical.OpenStudio.Benchmark.Tests\SAM.Analytical.OpenStudio.Benchmark.Tests.csproj", "{A845555D-DDC0-49C9-8BAD-ADEF4F5E7C6F}"
EndProject
Global
	GlobalSection(SolutionConfigurationPlatforms) = preSolution
		Debug|Any CPU = Debug|Any CPU
		Debug|x64 = Debug|x64
		Debug|x86 = Debug|x86
		Release|Any CPU = Release|Any CPU
		Release|x64 = Release|x64
		Release|x86 = Release|x86
	EndGlobalSection
	GlobalSection(ProjectConfigurationPlatforms) = postSolution
		{4D07E983-55BC-43EF-9B7C-BDD3132E7658}.Debug|Any CPU.ActiveCfg = Debug|x64
		{4D07E983-55BC-43EF-9B7C-BDD3132E7658}.Debug|Any CPU.Build.0 = Debug|x64
		{4D07E983-55BC-43EF-9B7C-BDD3132E7658}.Debug|x64.ActiveCfg = Debug|Any CPU
		{4D07E983-55BC-43EF-9B7C-BDD3132E7658}.Debug|x64.Build.0 = Debug|Any CPU
		{4D07E983-55BC-43EF-9B7C-BDD3132E7658}.Debug|x86.ActiveCfg = Debug|x86
		{4D07E983-55BC-43EF-9B7C-BDD3132E7658}.Debug|x86.Build.0 = Debug|x86
		{4D07E983-55BC-43EF-9B7C-BDD3132E7658}.Release|Any CPU.ActiveCfg = Release|Any CPU
		{4D07E983-55BC-43EF-9B7C-BDD3132E7658}.Release|Any CPU.Build.0 = Release|Any CPU
		{4D07E983-55BC-43EF-9B7C-BDD3132E7658}.Release|x64.ActiveCfg = Release|x64
		{4D07E983-55BC-43EF-9B7C-BDD3132E7658}.Release|x64.Build.0 = Release|x64
		{4D07E983-55BC-43EF-9B7C-BDD3132E7658}.Release|x86.ActiveCfg = Release|x86
		{4D07E983-55BC-43EF-9B7C-BDD3132E7658}.Release|x86.Build.0 = Release|x86
		{89AB54FD-E55C-4957-9560-47E0D0BC649C}.Debug|Any CPU.ActiveCfg = Debug|x64
		{89AB54FD-E55C-4957-9560-47E0D0BC649C}.Debug|Any CPU.Build.0 = Debug|x64
		{89AB54FD-E55C-4957-9560-47E0D0BC649C}.Debug|x64.ActiveCfg = Debug|x64
		{89AB54FD-E55C-4957-9560-47E0D0BC649C}.Debug|x64.Build.0 = Debug|x64
		{89AB54FD-E55C-4957-9560-47E0D0BC649C}.Debug|x86.ActiveCfg = Debug|Any CPU
		{89AB54FD-E55C-4957-9560-47E0D0BC649C}.Debug|x86.Build.0 = Debug|Any CPU
		{89AB54FD-E55C-4957-9560-47E0D0BC649C}.Release|Any CPU.ActiveCfg = Release|x64
		{89AB54FD-E55C-4957-9560-47E0D0BC649C}.Release|Any CPU.Build.0 = Release|x64
		{89AB54FD-E55C-4957-9560-47E0D0BC649C}.Release|x64.ActiveCfg = Release|x64
		{89AB54FD-E55C-4957-9560-47E0D0BC649C}.Release|x64.Build.0 = Release|x64
		{89AB54FD-E55C-4957-9560-47E0D0BC649C}.Release|x86.ActiveCfg = Release|Any CPU
		{89AB54FD-E55C-4957-9560-47E0D0BC649C}.Release|x86.Build.0 = Release|Any CPU
		{CA21819C-6D5C-4CE8-839A-7291E878FD51}.Debug|Any CPU.ActiveCfg = Debug|x64
		{CA21819C-6D5C-4CE8-839A-7291E878FD51}.Debug|Any CPU.Build.0 = Debug|x64
		{CA21819C-6D5C-4CE8-839A-7291E878FD51}.Debug|x64.ActiveCfg = Debug|x64
		{CA21819C-6D5C-4CE8-839A-7291E878FD51}.Debug|x64.Build.0 = Debug|x64
		{CA21819C-6D5C-4CE8-839A-7291E878FD51}.Debug|x86.ActiveCfg = Debug|Any CPU
		{CA21819C-6D5C-4CE8-839A-7291E878FD51}.Debug|x86.Build.0 = Debug|Any CPU
		{CA21819C-6D5C-4CE8-839A-7291E878FD51}.Release|Any CPU.ActiveCfg = Release|x64
		{CA21819C-6D5C-4CE8-839A-7291E878FD51}.Release|Any CPU.Build.0 = Release|x64
		{CA21819C-6D5C-4CE8-839A-7291E878FD51}.Release|x64.ActiveCfg = Release|x64
		{CA21819C-6D5C-4CE8-839A-7291E878FD51}.Release|x64.Build.0 = Release|x64
		{CA21819C-6D5C-4CE8-839A-7291E878FD51}.Release|x86.ActiveCfg = Release|Any CPU
		{CA21819C-6D5C-4CE8-839A-7291E878FD51}.Release|x86.Build.0 = Release|Any CPU
		{47274C36-3147-45CC-9B48-F3C3A5C33C7D}.Debug|Any CPU.ActiveCfg = Debug|x64
		{47274C36-3147-45CC-9B48-F3C3A5C33C7D}.Debug|Any CPU.Build.0 = Debug|x64
		{47274C36-3147-45CC-9B48-F3C3A5C33C7D}.Debug|x64.ActiveCfg = Debug|x64
		{47274C36-3147-45CC-9B48-F3C3A5C33C7D}.Debug|x64.Build.0 = Debug|x64
		{47274C36-3147-45CC-9B48-F3C3A5C33C7D}.Debug|x86.ActiveCfg = Debug|Any CPU
		{47274C36-3147-45CC-9B48-F3C3A5C33C7D}.Debug|x86.Build.0 = Debug|Any CPU
		{47274C36-3147-45CC-9B48-F3C3A5C33C7D}.Release|Any CPU.ActiveCfg = Release|x64
		{47274C36-3147-45CC-9B48-F3C3A5C33C7D}.Release|Any CPU.Build.0 = Release|x64
		{47274C36-3147-45CC-9B48-F3C3A5C33C7D}.Release|x64.ActiveCfg = Release|x64
		{47274C36-3147-45CC-9B48-F3C3A5C33C7D}.Release|x64.Build.0 = Release|x64
		{47274C36-3147-45CC-9B48-F3C3A5C33C7D}.Release|x86.ActiveCfg = Release|Any CPU
		{47274C36-3147-45CC-9B48-F3C3A5C33C7D}.Release|x86.Build.0 = Release|Any CPU
		{CC834A2E-7DE2-A07E-9DE3-BC14FF5B43E8}.Debug|Any CPU.ActiveCfg = Debug|x64
		{CC834A2E-7DE2-A07E-9DE3-BC14FF5B43E8}.Debug|Any CPU.Build.0 = Debug|x64
		{CC834A2E-7DE2-A07E-9DE3-BC14FF5B43E8}.Debug|x64.ActiveCfg = Debug|x64
		{CC834A2E-7DE2-A07E-9DE3-BC14FF5B43E8}.Debug|x64.Build.0 = Debug|x64
		{CC834A2E-7DE2-A07E-9DE3-BC14FF5B43E8}.Debug|x86.ActiveCfg = Debug|x64
		{CC834A2E-7DE2-A07E-9DE3-BC14FF5B43E8}.Debug|x86.Build.0 = Debug|x64
		{CC834A2E-7DE2-A07E-9DE3-BC14FF5B43E8}.Release|Any CPU.ActiveCfg = Release|x64
		{CC834A2E-7DE2-A07E-9DE3-BC14FF5B43E8}.Release|Any CPU.Build.0 = Release|x64
		{CC834A2E-7DE2-A07E-9DE3-BC14FF5B43E8}.Release|x64.ActiveCfg = Release|x64
		{CC834A2E-7DE2-A07E-9DE3-BC14FF5B43E8}.Release|x64.Build.0 = Release|x64
		{CC834A2E-7DE2-A07E-9DE3-BC14FF5B43E8}.Release|x86.ActiveCfg = Release|x64
		{CC834A2E-7DE2-A07E-9DE3-BC14FF5B43E8}.Release|x86.Build.0 = Release|x64
		{45966997-BBBF-4272-B77F-86B401A1CE45}.Debug|Any CPU.ActiveCfg = Debug|x64
		{45966997-BBBF-4272-B77F-86B401A1CE45}.Debug|Any CPU.Build.0 = Debug|x64
		{45966997-BBBF-4272-B77F-86B401A1CE45}.Debug|x64.ActiveCfg = Debug|x64
		{45966997-BBBF-4272-B77F-86B401A1CE45}.Debug|x64.Build.0 = Debug|x64
		{45966997-BBBF-4272-B77F-86B401A1CE45}.Debug|x86.ActiveCfg = Debug|x64
		{45966997-BBBF-4272-B77F-86B401A1CE45}.Debug|x86.Build.0 = Debug|x64
		{45966997-BBBF-4272-B77F-86B401A1CE45}.Release|Any CPU.ActiveCfg = Release|x64
		{45966997-BBBF-4272-B77F-86B401A1CE45}.Release|Any CPU.Build.0 = Release|x64
		{45966997-BBBF-4272-B77F-86B401A1CE45}.Release|x64.ActiveCfg = Release|x64
		{45966997-BBBF-4272-B77F-86B401A1CE45}.Release|x64.Build.0 = Release|x64
		{45966997-BBBF-4272-B77F-86B401A1CE45}.Release|x86.ActiveCfg = Release|x64
		{45966997-BBBF-4272-B77F-86B401A1CE45}.Release|x86.Build.0 = Release|x64
		{E21DBAA0-8078-43F7-8A49-D9535DFD63D0}.Debug|Any CPU.ActiveCfg = Debug|x64
		{E21DBAA0-8078-43F7-8A49-D9535DFD63D0}.Debug|Any CPU.Build.0 = Debug|x64
		{E21DBAA0-8078-43F7-8A49-D9535DFD63D0}.Debug|x64.ActiveCfg = Debug|x64
		{E21DBAA0-8078-43F7-8A49-D9535DFD63D0}.Debug|x64.Build.0 = Debug|x64
		{E21DBAA0-8078-43F7-8A49-D9535DFD63D0}.Debug|x86.ActiveCfg = Debug|x64
		{E21DBAA0-8078-43F7-8A49-D9535DFD63D0}.Debug|x86.Build.0 = Debug|x64
		{E21DBAA0-8078-43F7-8A49-D9535DFD63D0}.Release|Any CPU.ActiveCfg = Release|x64
		{E21DBAA0-8078-43F7-8A49-D9535DFD63D0}.Release|Any CPU.Build.0 = Release|x64
		{E21DBAA0-8078-43F7-8A49-D9535DFD63D0}.Release|x64.ActiveCfg = Release|x64
		{E21DBAA0-8078-43F7-8A49-D9535DFD63D0}.Release|x64.Build.0 = Release|x64
		{E21DBAA0-8078-43F7-8A49-D9535DFD63D0}.Release|x86.ActiveCfg = Release|x64
		{E21DBAA0-8078-43F7-8A49-D9535DFD63D0}.Release|x86.Build.0 = Release|x64
		{A845555D-DDC0-49C9-8BAD-ADEF4F5E7C6F}.Debug|Any CPU.ActiveCfg = Debug|x64
		{A845555D-DDC0-49C9-8BAD-ADEF4F5E7C6F}.Debug|Any CPU.Build.0 = Debug|x64
		{A845555D-DDC0-49C9-8BAD-ADEF4F5E7C6F}.Debug|x64.ActiveCfg = Debug|x64
		{A845555D-DDC0-49C9-8BAD-ADEF4F5E7C6F}.Debug|x64.Build.0 = Debug|x64
		{A845555D-DDC0-49C9-8BAD-ADEF4F5E7C6F}.Debug|x86.ActiveCfg = Debug|x64
		{A845555D-DDC0-49C9-8BAD-ADEF4F5E7C6F}.Debug|x86.Build.0 = Debug|x64
		{A845555D-DDC0-49C9-8BAD-ADEF4F5E7C6F}.Release|Any CPU.ActiveCfg = Release|x64
		{A845555D-DDC0-49C9-8BAD-ADEF4F5E7C6F}.Release|Any CPU.Build.0 = Release|x64
		{A845555D-DDC0-49C9-8BAD-ADEF4F5E7C6F}.Release|x64.ActiveCfg = Release|x64
		{A845555D-DDC0-49C9-8BAD-ADEF4F5E7C6F}.Release|x64.Build.0 = Release|x64
		{A845555D-DDC0-49C9-8BAD-ADEF4F5E7C6F}.Release|x86.ActiveCfg = Release|x64
		{A845555D-DDC0-49C9-8BAD-ADEF4F5E7C6F}.Release|x86.Build.0 = Release|x64
	EndGlobalSection
	GlobalSection(SolutionProperties) = preSolution
		HideSolutionNode = FALSE
	EndGlobalSection
	GlobalSection(NestedProjects) = preSolution
		{4D07E983-55BC-43EF-9B7C-BDD3132E7658} = {B365D5A7-F4F1-4C45-9565-5F6CFC1134A4}
		{89AB54FD-E55C-4957-9560-47E0D0BC649C} = {4FDEDAD6-FCEC-4426-9A3B-086BF3C99CC0}
		{CA21819C-6D5C-4CE8-839A-7291E878FD51} = {4FDEDAD6-FCEC-4426-9A3B-086BF3C99CC0}
		{47274C36-3147-45CC-9B48-F3C3A5C33C7D} = {4FDEDAD6-FCEC-4426-9A3B-086BF3C99CC0}
		{CC834A2E-7DE2-A07E-9DE3-BC14FF5B43E8} = {B365D5A7-F4F1-4C45-9565-5F6CFC1134A4}
		{45966997-BBBF-4272-B77F-86B401A1CE45} = {0AB3BF05-4346-4AA6-1389-037BE0695223}
		{E21DBAA0-8078-43F7-8A49-D9535DFD63D0} = {09EED85C-BE3C-7566-DC0E-2E8E43466740}
		{A845555D-DDC0-49C9-8BAD-ADEF4F5E7C6F} = {09EED85C-BE3C-7566-DC0E-2E8E43466740}
	EndGlobalSection
	GlobalSection(ExtensibilityGlobals) = postSolution
		SolutionGuid = {4E0308FF-C8D5-4700-951A-859CB9D4FD09}
	EndGlobalSection
EndGlobal
